PODS:
  - DXPerformanceMonitor (0.1.0)
  - Expecta (1.0.5)
  - Expecta+Snapshots (3.0.0):
    - Expecta (~> 1.0)
    - FBSnapshotTestCase/Core (~> 2.0)
    - Specta (~> 1.0)
  - FBSnapshotTestCase (2.1.4):
    - FBSnapshotTestCase/SwiftSupport (= 2.1.4)
  - FBSnapshotTestCase/Core (2.1.4)
  - FBSnapshotTestCase/SwiftSupport (2.1.4):
    - FBSnapshotTestCase/Core
  - Specta (1.0.5)

DEPENDENCIES:
  - DXPerformanceMonitor (from `../`)
  - Expecta
  - Expecta+Snapshots
  - FBSnapshotTestCase
  - Specta

EXTERNAL SOURCES:
  DXPerformanceMonitor:
    :path: ../

SPEC CHECKSUMS:
  DXPerformanceMonitor: 34cbc358adc374664dc4dd21aaa6c7746407a89b
  Expecta: e1c022fcd33910b6be89c291d2775b3fe27a89fe
  Expecta+Snapshots: c343f410c7a6392f3e22e78f94c44b6c0749a516
  FBSnapshotTestCase: 094f9f314decbabe373b87cc339bea235a63e07a
  Specta: ac94d110b865115fe60ff2c6d7281053c6f8e8a2

PODFILE CHECKSUM: 26600203812fa63e1cf21792b19e146f67e0329c

COCOAPODS: 1.2.0
